
Microsoft Visual Studio Solution File, Format Version 12.00
# Visual Studio Version 17
VisualStudioVersion = 17.9.34622.214
MinimumVisualStudioVersion = 10.0.40219.1
Project("{FAE04EC0-301F-11D3-BF4B-00C04F79EFBC}") = "ProvaRecuperacao.ConversaoMoedas", "ProvaRecuperacao.ConversaoMoedas\ProvaRecuperacao.ConversaoMoedas.csproj", "{DEA1AA97-1E75-4B69-A5D4-CC94F5932F96}"
EndProject
Global
	GlobalSection(SolutionConfigurationPlatforms) = preSolution
		Debug|Any CPU = Debug|Any CPU
		Release|Any CPU = Release|Any CPU
	EndGlobalSection
	GlobalSection(ProjectConfigurationPlatforms) = postSolution
		{DEA1AA97-1E75-4B69-A5D4-CC94F5932F96}.Debug|Any CPU.ActiveCfg = Debug|Any CPU
		{DEA1AA97-1E75-4B69-A5D4-CC94F5932F96}.Debug|Any CPU.Build.0 = Debug|Any CPU
		{DEA1AA97-1E75-4B69-A5D4-CC94F5932F96}.Release|Any CPU.ActiveCfg = Release|Any CPU
		{DEA1AA97-1E75-4B69-A5D4-CC94F5932F96}.Release|Any CPU.Build.0 = Release|Any CPU
	EndGlobalSection
	GlobalSection(SolutionProperties) = preSolution
		HideSolutionNode = FALSE
	EndGlobalSection
	GlobalSection(ExtensibilityGlobals) = postSolution
		SolutionGuid = {AABDAF98-1155-4C25-9838-E07C63A41179}
	EndGlobalSection
EndGlobal
